
Microsoft Visual Studio Solution File, Format Version 12.00
# Visual Studio Version 16
VisualStudioVersion = 16.0.29609.76
MinimumVisualStudioVersion = 10.0.40219.1
Project("{FAE04EC0-301F-11D3-BF4B-00C04F79EFBC}") = "HackerRank", "HackerRank.csproj", "{648949C6-AD85-4B3F-B5C8-6035E8F491D5}"
EndProject
Global
	GlobalSection(SolutionConfigurationPlatforms) = preSolution
		Debug|Any CPU = Debug|Any CPU
		Release|Any CPU = Release|Any CPU
	EndGlobalSection
	GlobalSection(ProjectConfigurationPlatforms) = postSolution
		{648949C6-AD85-4B3F-B5C8-6035E8F491D5}.Debug|Any CPU.ActiveCfg = Debug|Any CPU
		{648949C6-AD85-4B3F-B5C8-6035E8F491D5}.Debug|Any CPU.Build.0 = Debug|Any CPU
		{648949C6-AD85-4B3F-B5C8-6035E8F491D5}.Release|Any CPU.ActiveCfg = Release|Any CPU
		{648949C6-AD85-4B3F-B5C8-6035E8F491D5}.Release|Any CPU.Build.0 = Release|Any CPU
	EndGlobalSection
	GlobalSection(SolutionProperties) = preSolution
		HideSolutionNode = FALSE
	EndGlobalSection
	GlobalSection(ExtensibilityGlobals) = postSolution
		SolutionGuid = {84054C38-8CE4-4747-891F-3BB1EAC3B2E3}
	EndGlobalSection
EndGlobal
